<Solution>
  <Project Path="BunSharp.Benchmarks/BunSharp.Benchmarks.csproj" />
  <Project Path="BunSharp.Tests/BunSharp.Tests.csproj" />
  <Project Path="BunSharp.Demo/BunSharp.Demo.csproj" />
  <Project Path="BunSharp.Generator/BunSharp.Generator.csproj" />
  <Project Path="BunSharp/BunSharp.csproj" />
</Solution>
